
Microsoft Visual Studio Solution File, Format Version 12.00
# Visual Studio Version 17
VisualStudioVersion = 17.2.32526.322
MinimumVisualStudioVersion = 10.0.40219.1
Project("{FAE04EC0-301F-11D3-BF4B-00C04F79EFBC}") = "rf2cy", "rf2cy.csproj", "{2BDDD4D7-9EB6-4FA7-A2CE-44A644274B79}"
EndProject
Global
	GlobalSection(SolutionConfigurationPlatforms) = preSolution
		Debug|Any CPU = Debug|Any CPU
		Release|Any CPU = Release|Any CPU
	EndGlobalSection
	GlobalSection(ProjectConfigurationPlatforms) = postSolution
		{2BDDD4D7-9EB6-4FA7-A2CE-44A644274B79}.Debug|Any CPU.ActiveCfg = Debug|Any CPU
		{2BDDD4D7-9EB6-4FA7-A2CE-44A644274B79}.Debug|Any CPU.Build.0 = Debug|Any CPU
		{2BDDD4D7-9EB6-4FA7-A2CE-44A644274B79}.Release|Any CPU.ActiveCfg = Release|Any CPU
		{2BDDD4D7-9EB6-4FA7-A2CE-44A644274B79}.Release|Any CPU.Build.0 = Release|Any CPU
	EndGlobalSection
	GlobalSection(SolutionProperties) = preSolution
		HideSolutionNode = FALSE
	EndGlobalSection
	GlobalSection(ExtensibilityGlobals) = postSolution
		SolutionGuid = {5DBEE3FC-133D-49D8-82CF-6D873DC3D1FB}
	EndGlobalSection
EndGlobal
